// !$*UTF8*$!
{
	archiveVersion = 1;
	classes = {
	};
	objectVersion = 50;
	objects = {

/* Begin PBXBuildFile section */
		F909221D272D77EA0032A294 /* AppDelegate.swift in Sources */ = {isa = PBXBuildFile; fileRef = F909221C272D77EA0032A294 /* AppDelegate.swift */; };
		F909221F272D77EA0032A294 /* SceneDelegate.swift in Sources */ = {isa = PBXBuildFile; fileRef = F909221E272D77EA0032A294 /* SceneDelegate.swift */; };
		F9092221272D77EA0032A294 /* ViewController.swift in Sources */ = {isa = PBXBuildFile; fileRef = F9092220272D77EA0032A294 /* ViewController.swift */; };
		F9092224272D77EA0032A294 /* Main.storyboard in Resources */ = {isa = PBXBuildFile; fileRef = F9092222272D77EA0032A294 /* Main.storyboard */; };
		F9092226272D77ED0032A294 /* Assets.xcassets in Resources */ = {isa = PBXBuildFile; fileRef = F9092225272D77ED0032A294 /* Assets.xcassets */; };
		F9092229272D77ED0032A294 /* LaunchScreen.storyboard in Resources */ = {isa = PBXBuildFile; fileRef = F9092227272D77ED0032A294 /* LaunchScreen.storyboard */; };
		F9092237272D7EBE0032A294 /* nssl0041.jpeg in Resources */ = {isa = PBXBuildFile; fileRef = F9092232272D7EBE0032A294 /* nssl0041.jpeg */; };
		F9092238272D7EBE0032A294 /* nssl0034.jpeg in Resources */ = {isa = PBXBuildFile; fileRef = F9092233272D7EBE0032A294 /* nssl0034.jpeg */; };
		F9092239272D7EBE0032A294 /* nssl0043.jpeg in Resources */ = {isa = PBXBuildFile; fileRef = F9092234272D7EBE0032A294 /* nssl0043.jpeg */; };
		F909223A272D7EBE0032A294 /* nssl0042.jpeg in Resources */ = {isa = PBXBuildFile; fileRef = F9092235272D7EBE0032A294 /* nssl0042.jpeg */; };
		F909223B272D7EBE0032A294 /* nssl0033.jpeg in Resources */ = {isa = PBXBuildFile; fileRef = F9092236272D7EBE0032A294 /* nssl0033.jpeg */; };
		F909223E272D88710032A294 /* DetailViewController.swift in Sources */ = {isa = PBXBuildFile; fileRef = F909223D272D88710032A294 /* DetailViewController.swift */; };
/* End PBXBuildFile section */

/* Begin PBXFileReference section */
		F9092219272D77EA0032A294 /* Project1.app */ = {isa = PBXFileReference; explicitFileType = wrapper.application; includeInIndex = 0; path = Project1.app; sourceTree = BUILT_PRODUCTS_DIR; };
		F909221C272D77EA0032A294 /* AppDelegate.swift */ = {isa = PBXFileReference; lastKnownFileType = sourcecode.swift; path = AppDelegate.swift; sourceTree = "<group>"; };
		F909221E272D77EA0032A294 /* SceneDelegate.swift */ = {isa = PBXFileReference; lastKnownFileType = sourcecode.swift; path = SceneDelegate.swift; sourceTree = "<group>"; };
		F9092220272D77EA0032A294 /* ViewController.swift */ = {isa = PBXFileReference; lastKnownFileType = sourcecode.swift; path = ViewController.swift; sourceTree = "<group>"; };
		F9092223272D77EA0032A294 /* Base */ = {isa = PBXFileReference; lastKnownFileType = file.storyboard; name = Base; path = Base.lproj/Main.storyboard; sourceTree = "<group>"; };
		F9092225272D77ED0032A294 /* Assets.xcassets */ = {isa = PBXFileReference; lastKnownFileType = folder.assetcatalog; path = Assets.xcassets; sourceTree = "<group>"; };
		F9092228272D77ED0032A294 /* Base */ = {isa = PBXFileReference; lastKnownFileType = file.storyboard; name = Base; path = Base.lproj/LaunchScreen.storyboard; sourceTree = "<group>"; };
		F909222A272D77ED0032A294 /* Info.plist */ = {isa = PBXFileReference; lastKnownFileType = text.plist.xml; path = Info.plist; sourceTree = "<group>"; };
		F9092232272D7EBE0032A294 /* nssl0041.jpeg */ = {isa = PBXFileReference; lastKnownFileType = image.jpeg; path = nssl0041.jpeg; sourceTree = "<group>"; };
		F9092233272D7EBE0032A294 /* nssl0034.jpeg */ = {isa = PBXFileReference; lastKnownFileType = image.jpeg; path = nssl0034.jpeg; sourceTree = "<group>"; };
		F9092234272D7EBE0032A294 /* nssl0043.jpeg */ = {isa = PBXFileReference; lastKnownFileType = image.jpeg; path = nssl0043.jpeg; sourceTree = "<group>"; };
		F9092235272D7EBE0032A294 /* nssl0042.jpeg */ = {isa = PBXFileReference; lastKnownFileType = image.jpeg; path = nssl0042.jpeg; sourceTree = "<group>"; };
		F9092236272D7EBE0032A294 /* nssl0033.jpeg */ = {isa = PBXFileReference; lastKnownFileType = image.jpeg; path = nssl0033.jpeg; sourceTree = "<group>"; };
		F909223D272D88710032A294 /* DetailViewController.swift */ = {isa = PBXFileReference; lastKnownFileType = sourcecode.swift; path = DetailViewController.swift; sourceTree = "<group>"; };
/* End PBXFileReference section */

/* Begin PBXFrameworksBuildPhase section */
		F9092216272D77EA0032A294 /* Frameworks */ = {
			isa = PBXFrameworksBuildPhase;
			buildActionMask = 2147483647;
			files = (
			);
			runOnlyForDeploymentPostprocessing = 0;
		};
/* End PBXFrameworksBuildPhase section */

/* Begin PBXGroup section */
		F9092210272D77EA0032A294 = {
			isa = PBXGroup;
			children = (
				F909221B272D77EA0032A294 /* Project1 */,
				F909221A272D77EA0032A294 /* Products */,
			);
			sourceTree = "<group>";
		};
		F909221A272D77EA0032A294 /* Products */ = {
			isa = PBXGroup;
			children = (
				F9092219272D77EA0032A294 /* Project1.app */,
			);
			name = Products;
			sourceTree = "<group>";
		};
		F909221B272D77EA0032A294 /* Project1 */ = {
			isa = PBXGroup;
			children = (
				F909221C272D77EA0032A294 /* AppDelegate.swift */,
				F909221E272D77EA0032A294 /* SceneDelegate.swift */,
				F9092220272D77EA0032A294 /* ViewController.swift */,
				F9092222272D77EA0032A294 /* Main.storyboard */,
				F909223D272D88710032A294 /* DetailViewController.swift */,
				F9092225272D77ED0032A294 /* Assets.xcassets */,
				F9092227272D77ED0032A294 /* LaunchScreen.storyboard */,
				F909222A272D77ED0032A294 /* Info.plist */,
				F9092231272D7EBE0032A294 /* Content */,
			);
			path = Project1;
			sourceTree = "<group>";
		};
		F9092231272D7EBE0032A294 /* Content */ = {
			isa = PBXGroup;
			children = (
				F9092232272D7EBE0032A294 /* nssl0041.jpeg */,
				F9092233272D7EBE0032A294 /* nssl0034.jpeg */,
				F9092234272D7EBE0032A294 /* nssl0043.jpeg */,
				F9092235272D7EBE0032A294 /* nssl0042.jpeg */,
				F9092236272D7EBE0032A294 /* nssl0033.jpeg */,
			);
			path = Content;
			sourceTree = "<group>";
		};
/* End PBXGroup section */

/* Begin PBXNativeTarget section */
		F9092218272D77EA0032A294 /* Project1 */ = {
			isa = PBXNativeTarget;
			buildConfigurationList = F909222D272D77ED0032A294 /* Build configuration list for PBXNativeTarget "Project1" */;
			buildPhases = (
				F9092215272D77EA0032A294 /* Sources */,
				F9092216272D77EA0032A294 /* Frameworks */,
				F9092217272D77EA0032A294 /* Resources */,
			);
			buildRules = (
			);
			dependencies = (
			);
			name = Project1;
			productName = Project1;
			productReference = F9092219272D77EA0032A294 /* Project1.app */;
			productType = "com.apple.product-type.application";
		};
/* End PBXNativeTarget section */

/* Begin PBXProject section */
		F9092211272D77EA0032A294 /* Project object */ = {
			isa = PBXProject;
			attributes = {
				LastSwiftUpdateCheck = 1240;
				LastUpgradeCheck = 1240;
				TargetAttributes = {
					F9092218272D77EA0032A294 = {
						CreatedOnToolsVersion = 12.4;
					};
				};
			};
			buildConfigurationList = F9092214272D77EA0032A294 /* Build configuration list for PBXProject "Project1" */;
			compatibilityVersion = "Xcode 9.3";
			developmentRegion = en;
			hasScannedForEncodings = 0;
			knownRegions = (
				en,
				Base,
			);
			mainGroup = F9092210272D77EA0032A294;
			productRefGroup = F909221A272D77EA0032A294 /* Products */;
			projectDirPath = "";
			projectRoot = "";
			targets = (
				F9092218272D77EA0032A294 /* Project1 */,
			);
		};
/* End PBXProject section */

/* Begin PBXResourcesBuildPhase section */
		F9092217272D77EA0032A294 /* Resources */ = {
			isa = PBXResourcesBuildPhase;
			buildActionMask = 2147483647;
			files = (
				F9092229272D77ED0032A294 /* LaunchScreen.storyboard in Resources */,
				F9092238272D7EBE0032A294 /* nssl0034.jpeg in Resources */,
				F9092239272D7EBE0032A294 /* nssl0043.jpeg in Resources */,
				F909223A272D7EBE0032A294 /* nssl0042.jpeg in Resources */,
				F9092226272D77ED0032A294 /* Assets.xcassets in Resources */,
				F9092237272D7EBE0032A294 /* nssl0041.jpeg in Resources */,
				F9092224272D77EA0032A294 /* Main.storyboard in Resources */,
				F909223B272D7EBE0032A294 /* nssl0033.jpeg in Resources */,
			);
			runOnlyForDeploymentPostprocessing = 0;
		};
/* End PBXResourcesBuildPhase section */

/* Begin PBXSourcesBuildPhase section */
		F9092215272D77EA0032A294 /* Sources */ = {
			isa = PBXSourcesBuildPhase;
			buildActionMask = 2147483647;
			files = (
				F9092221272D77EA0032A294 /* ViewController.swift in Sources */,
				F909221D272D77EA0032A294 /* AppDelegate.swift in Sources */,
				F909221F272D77EA0032A294 /* SceneDelegate.swift in Sources */,
				F909223E272D88710032A294 /* DetailViewController.swift in Sources */,
			);
			runOnlyForDeploymentPostprocessing = 0;
		};
/* End PBXSourcesBuildPhase section */

/* Begin PBXVariantGroup section */
		F9092222272D77EA0032A294 /* Main.storyboard */ = {
			isa = PBXVariantGroup;
			children = (
				F9092223272D77EA0032A294 /* Base */,
			);
			name = Main.storyboard;
			sourceTree = "<group>";
		};
		F9092227272D77ED0032A294 /* LaunchScreen.storyboard */ = {
			isa = PBXVariantGroup;
			children = (
				F9092228272D77ED0032A294 /* Base */,
			);
			name = LaunchScreen.storyboard;
			sourceTree = "<group>";
		};
/* End PBXVariantGroup section */

/* Begin XCBuildConfiguration section */
		F909222B272D77ED0032A294 /* Debug */ = {
			isa = XCBuildConfiguration;
			buildSettings = {
				ALWAYS_SEARCH_USER_PATHS = NO;
				CLANG_ANALYZER_NONNULL = YES;
				CLANG_ANALYZER_NUMBER_OBJECT_CONVERSION = YES_AGGRESSIVE;
				CLANG_CXX_LANGUAGE_STANDARD = "gnu++14";
				CLANG_CXX_LIBRARY = "libc++";
				CLANG_ENABLE_MODULES = YES;
				CLANG_ENABLE_OBJC_ARC = YES;
				CLANG_ENABLE_OBJC_WEAK = YES;
				CLANG_WARN_BLOCK_CAPTURE_AUTORELEASING = YES;
				CLANG_WARN_BOOL_CONVERSION = YES;
				CLANG_WARN_COMMA = YES;
				CLANG_WARN_CONSTANT_CONVERSION = YES;
				CLANG_WARN_DEPRECATED_OBJC_IMPLEMENTATIONS = YES;
				CLANG_WARN_DIRECT_OBJC_ISA_USAGE = YES_ERROR;
				CLANG_WARN_DOCUMENTATION_COMMENTS = YES;
				CLANG_WARN_EMPTY_BODY = YES;
				CLANG_WARN_ENUM_CONVERSION = YES;
				CLANG_WARN_INFINITE_RECURSION = YES;
				CLANG_WARN_INT_CONVERSION = YES;
				CLANG_WARN_NON_LITERAL_NULL_CONVERSION = YES;
				CLANG_WARN_OBJC_IMPLICIT_RETAIN_SELF = YES;
				CLANG_WARN_OBJC_LITERAL_CONVERSION = YES;
				CLANG_WARN_OBJC_ROOT_CLASS = YES_ERROR;
				CLANG_WARN_QUOTED_INCLUDE_IN_FRAMEWORK_HEADER = YES;
				CLANG_WARN_RANGE_LOOP_ANALYSIS = YES;
				CLANG_WARN_STRICT_PROTOTYPES = YES;
				CLANG_WARN_SUSPICIOUS_MOVE = YES;
				CLANG_WARN_UNGUARDED_AVAILABILITY = YES_AGGRESSIVE;
				CLANG_WARN_UNREACHABLE_CODE = YES;
				CLANG_WARN__DUPLICATE_METHOD_MATCH = YES;
				COPY_PHASE_STRIP = NO;
				DEBUG_INFORMATION_FORMAT = dwarf;
				ENABLE_STRICT_OBJC_MSGSEND = YES;
				ENABLE_TESTABILITY = YES;
				GCC_C_LANGUAGE_STANDARD = gnu11;
				GCC_DYNAMIC_NO_PIC = NO;
				GCC_NO_COMMON_BLOCKS = YES;
				GCC_OPTIMIZATION_LEVEL = 0;
				GCC_PREPROCESSOR_DEFINITIONS = (
					"DEBUG=1",
					"$(inherited)",
				);
				GCC_WARN_64_TO_32_BIT_CONVERSION = YES;
				GCC_WARN_ABOUT_RETURN_TYPE = YES_ERROR;
				GCC_WARN_UNDECLARED_SELECTOR = YES;
				GCC_WARN_UNINITIALIZED_AUTOS = YES_AGGRESSIVE;
				GCC_WARN_UNUSED_FUNCTION = YES;
				GCC_WARN_UNUSED_VARIABLE = YES;
				IPHONEOS_DEPLOYMENT_TARGET = 14.4;
				MTL_ENABLE_DEBUG_INFO = INCLUDE_SOURCE;
				MTL_FAST_MATH = YES;
				ONLY_ACTIVE_ARCH = YES;
				SDKROOT = iphoneos;
				SWIFT_ACTIVE_COMPILATION_CONDITIONS = DEBUG;
				SWIFT_OPTIMIZATION_LEVEL = "-Onone";
			};
			name = Debug;
		};
		F909222C272D77ED0032A294 /* Release */ = {
			isa = XCBuildConfiguration;
			buildSettings = {
				ALWAYS_SEARCH_USER_PATHS = NO;
				CLANG_ANALYZER_NONNULL = YES;
				CLANG_ANALYZER_NUMBER_OBJECT_CONVERSION = YES_AGGRESSIVE;
				CLANG_CXX_LANGUAGE_STANDARD = "gnu++14";
				CLANG_CXX_LIBRARY = "libc++";
				CLANG_ENABLE_MODULES = YES;
				CLANG_ENABLE_OBJC_ARC = YES;
				CLANG_ENABLE_OBJC_WEAK = YES;
				CLANG_WARN_BLOCK_CAPTURE_AUTORELEASING = YES;
				CLANG_WARN_BOOL_CONVERSION = YES;
				CLANG_WARN_COMMA = YES;
				CLANG_WARN_CONSTANT_CONVERSION = YES;
				CLANG_WARN_DEPRECATED_OBJC_IMPLEMENTATIONS = YES;
				CLANG_WARN_DIRECT_OBJC_ISA_USAGE = YES_ERROR;
				CLANG_WARN_DOCUMENTATION_COMMENTS = YES;
				CLANG_WARN_EMPTY_BODY = YES;
				CLANG_WARN_ENUM_CONVERSION = YES;
				CLANG_WARN_INFINITE_RECURSION = YES;
				CLANG_WARN_INT_CONVERSION = YES;
				CLANG_WARN_NON_LITERAL_NULL_CONVERSION = YES;
				CLANG_WARN_OBJC_IMPLICIT_RETAIN_SELF = YES;
				CLANG_WARN_OBJC_LITERAL_CONVERSION = YES;
				CLANG_WARN_OBJC_ROOT_CLASS = YES_ERROR;
				CLANG_WARN_QUOTED_INCLUDE_IN_FRAMEWORK_HEADER = YES;
				CLANG_WARN_RANGE_LOOP_ANALYSIS = YES;
				CLANG_WARN_STRICT_PROTOTYPES = YES;
				CLANG_WARN_SUSPICIOUS_MOVE = YES;
				CLANG_WARN_UNGUARDED_AVAILABILITY = YES_AGGRESSIVE;
				CLANG_WARN_UNREACHABLE_CODE = YES;
				CLANG_WARN__DUPLICATE_METHOD_MATCH = YES;
				COPY_PHASE_STRIP = NO;
				DEBUG_INFORMATION_FORMAT = "dwarf-with-dsym";
				ENABLE_NS_ASSERTIONS = NO;
				ENABLE_STRICT_OBJC_MSGSEND = YES;
				GCC_C_LANGUAGE_STANDARD = gnu11;
				GCC_NO_COMMON_BLOCKS = YES;
				GCC_WARN_64_TO_32_BIT_CONVERSION = YES;
				GCC_WARN_ABOUT_RETURN_TYPE = YES_ERROR;
				GCC_WARN_UNDECLARED_SELECTOR = YES;
				GCC_WARN_UNINITIALIZED_AUTOS = YES_AGGRESSIVE;
				GCC_WARN_UNUSED_FUNCTION = YES;
				GCC_WARN_UNUSED_VARIABLE = YES;
				IPHONEOS_DEPLOYMENT_TARGET = 14.4;
				MTL_ENABLE_DEBUG_INFO = NO;
				MTL_FAST_MATH = YES;
				SDKROOT = iphoneos;
				SWIFT_COMPILATION_MODE = wholemodule;
				SWIFT_OPTIMIZATION_LEVEL = "-O";
				VALIDATE_PRODUCT = YES;
			};
			name = Release;
		};
		F909222E272D77ED0032A294 /* Debug */ = {
			isa = XCBuildConfiguration;
			buildSettings = {
				ASSETCATALOG_COMPILER_APPICON_NAME = AppIcon;
				ASSETCATALOG_COMPILER_GLOBAL_ACCENT_COLOR_NAME = AccentColor;
				CODE_SIGN_STYLE = Automatic;
				INFOPLIST_FILE = Project1/Info.plist;
				LD_RUNPATH_SEARCH_PATHS = (
					"$(inherited)",
					"@executable_path/Frameworks",
				);
				PRODUCT_BUNDLE_IDENTIFIER = com.ashok.Project1;
				PRODUCT_NAME = "$(TARGET_NAME)";
				SWIFT_VERSION = 5.0;
				TARGETED_DEVICE_FAMILY = "1,2";
			};
			name = Debug;
		};
		F909222F272D77ED0032A294 /* Release */ = {
			isa = XCBuildConfiguration;
			buildSettings = {
				ASSETCATALOG_COMPILER_APPICON_NAME = AppIcon;
				ASSETCATALOG_COMPILER_GLOBAL_ACCENT_COLOR_NAME = AccentColor;
				CODE_SIGN_STYLE = Automatic;
				INFOPLIST_FILE = Project1/Info.plist;
				LD_RUNPATH_SEARCH_PATHS = (
					"$(inherited)",
					"@executable_path/Frameworks",
				);
				PRODUCT_BUNDLE_IDENTIFIER = com.ashok.Project1;
				PRODUCT_NAME = "$(TARGET_NAME)";
				SWIFT_VERSION = 5.0;
				TARGETED_DEVICE_FAMILY = "1,2";
			};
			name = Release;
		};
/* End XCBuildConfiguration section */

/* Begin XCConfigurationList section */
		F9092214272D77EA0032A294 /* Build configuration list for PBXProject "Project1" */ = {
			isa = XCConfigurationList;
			buildConfigurations = (
				F909222B272D77ED0032A294 /* Debug */,
				F909222C272D77ED0032A294 /* Release */,
			);
			defaultConfigurationIsVisible = 0;
			defaultConfigurationName = Release;
		};
		F909222D272D77ED0032A294 /* Build configuration list for PBXNativeTarget "Project1" */ = {
			isa = XCConfigurationList;
			buildConfigurations = (
				F909222E272D77ED0032A294 /* Debug */,
				F909222F272D77ED0032A294 /* Release */,
			);
			defaultConfigurationIsVisible = 0;
			defaultConfigurationName = Release;
		};
/* End XCConfigurationList section */
	};
	rootObject = F9092211272D77EA0032A294 /* Project object */;
}
